
Microsoft Visual Studio Solution File, Format Version 12.00
# Visual Studio Version 17
VisualStudioVersion = 17.0.31903.59
MinimumVisualStudioVersion = 10.0.40219.1
Project("{FAE04EC0-301F-11D3-BF4B-00C04F79EFBC}") = "WebApi", "WebApi\WebApi.csproj", "{79ED166E-A191-4EC1-A1A9-CD626B6EFBBC}"
EndProject
Project("{2150E333-8FDC-42A3-9474-1A3956D46DE8}") = "Tests", "Tests", "{93C5A020-0C75-434E-BA97-3202FB68A769}"
EndProject
Project("{FAE04EC0-301F-11D3-BF4B-00C04F79EFBC}") = "WebApi.UnitTests", "Tests\WebApi.UnitTests\WebApi.UnitTests.csproj", "{0632A5EE-5918-452E-967A-D28570EDEA76}"
EndProject
Global
	GlobalSection(SolutionConfigurationPlatforms) = preSolution
		Debug|Any CPU = Debug|Any CPU
		Release|Any CPU = Release|Any CPU
	EndGlobalSection
	GlobalSection(SolutionProperties) = preSolution
		HideSolutionNode = FALSE
	EndGlobalSection
	GlobalSection(ProjectConfigurationPlatforms) = postSolution
		{79ED166E-A191-4EC1-A1A9-CD626B6EFBBC}.Debug|Any CPU.ActiveCfg = Debug|Any CPU
		{79ED166E-A191-4EC1-A1A9-CD626B6EFBBC}.Debug|Any CPU.Build.0 = Debug|Any CPU
		{79ED166E-A191-4EC1-A1A9-CD626B6EFBBC}.Release|Any CPU.ActiveCfg = Release|Any CPU
		{79ED166E-A191-4EC1-A1A9-CD626B6EFBBC}.Release|Any CPU.Build.0 = Release|Any CPU
		{0632A5EE-5918-452E-967A-D28570EDEA76}.Debug|Any CPU.ActiveCfg = Debug|Any CPU
		{0632A5EE-5918-452E-967A-D28570EDEA76}.Debug|Any CPU.Build.0 = Debug|Any CPU
		{0632A5EE-5918-452E-967A-D28570EDEA76}.Release|Any CPU.ActiveCfg = Release|Any CPU
		{0632A5EE-5918-452E-967A-D28570EDEA76}.Release|Any CPU.Build.0 = Release|Any CPU
	EndGlobalSection
	GlobalSection(NestedProjects) = preSolution
		{0632A5EE-5918-452E-967A-D28570EDEA76} = {93C5A020-0C75-434E-BA97-3202FB68A769}
	EndGlobalSection
EndGlobal
